// !$*UTF8*$!
{
	archiveVersion = 1;
	classes = {
	};
	objectVersion = 46;
	objects = {

/* Begin PBXBuildFile section */
		BB51E7C8191EE5350026F775 /* RJStartViewController.m in Sources */ = {isa = PBXBuildFile; fileRef = BB51E7C7191EE5350026F775 /* RJStartViewController.m */; };
		BB51E7CA191EE6BF0026F775 /* QuartzCore.framework in Frameworks */ = {isa = PBXBuildFile; fileRef = BB51E7C9191EE6BF0026F775 /* QuartzCore.framework */; };
		BB51E7CD191F04DB0026F775 /* UIAlertView+Blocks.m in Sources */ = {isa = PBXBuildFile; fileRef = BB51E7CC191F04DB0026F775 /* UIAlertView+Blocks.m */; };
		BB51E7D1191FC5C90026F775 /* RJMultipleChoicePicker.m in Sources */ = {isa = PBXBuildFile; fileRef = BB51E7D0191FC5C90026F775 /* RJMultipleChoicePicker.m */; };
		BB9D940E191D4D3F0076B42C /* Foundation.framework in Frameworks */ = {isa = PBXBuildFile; fileRef = BB9D940D191D4D3F0076B42C /* Foundation.framework */; };
		BB9D9410191D4D3F0076B42C /* CoreGraphics.framework in Frameworks */ = {isa = PBXBuildFile; fileRef = BB9D940F191D4D3F0076B42C /* CoreGraphics.framework */; };
		BB9D9412191D4D3F0076B42C /* UIKit.framework in Frameworks */ = {isa = PBXBuildFile; fileRef = BB9D9411191D4D3F0076B42C /* UIKit.framework */; };
		BB9D9418191D4D3F0076B42C /* InfoPlist.strings in Resources */ = {isa = PBXBuildFile; fileRef = BB9D9416191D4D3F0076B42C /* InfoPlist.strings */; };
		BB9D941A191D4D3F0076B42C /* main.m in Sources */ = {isa = PBXBuildFile; fileRef = BB9D9419191D4D3F0076B42C /* main.m */; };
		BB9D941E191D4D3F0076B42C /* RJAppDelegate.m in Sources */ = {isa = PBXBuildFile; fileRef = BB9D941D191D4D3F0076B42C /* RJAppDelegate.m */; };
		BB9D9421191D4D3F0076B42C /* Main.storyboard in Resources */ = {isa = PBXBuildFile; fileRef = BB9D941F191D4D3F0076B42C /* Main.storyboard */; };
		BB9D9429191D4D3F0076B42C /* Images.xcassets in Resources */ = {isa = PBXBuildFile; fileRef = BB9D9428191D4D3F0076B42C /* Images.xcassets */; };
		BB9D9447191D4EF70076B42C /* RJMainViewController.m in Sources */ = {isa = PBXBuildFile; fileRef = BB9D9446191D4EF70076B42C /* RJMainViewController.m */; };
		BB9D944C191D534A0076B42C /* questions.plist in Resources */ = {isa = PBXBuildFile; fileRef = BB9D944B191D534A0076B42C /* questions.plist */; };
		BB9D944F191D572B0076B42C /* UIActionSheet+Blocks.m in Sources */ = {isa = PBXBuildFile; fileRef = BB9D944E191D572B0076B42C /* UIActionSheet+Blocks.m */; };
		BBB324C219211DBB004EED0D /* MBProgressHUD.m in Sources */ = {isa = PBXBuildFile; fileRef = BBB324C119211DBB004EED0D /* MBProgressHUD.m */; };
		BBDDA7A0192081770055B564 /* RJAnswerPicker.m in Sources */ = {isa = PBXBuildFile; fileRef = BBDDA79F192081770055B564 /* RJAnswerPicker.m */; };
		BBDFAD691929AA7E0010C88B /* RJTrueFalsePicker.m in Sources */ = {isa = PBXBuildFile; fileRef = BBDFAD681929AA7E0010C88B /* RJTrueFalsePicker.m */; };
		BBDFAD6C192D8E1C0010C88B /* RJFillInTheBlankPicker.m in Sources */ = {isa = PBXBuildFile; fileRef = BBDFAD6B192D8E1C0010C88B /* RJFillInTheBlankPicker.m */; };
		BBE04C3A192F262F00E57F44 /* RJEndViewController.m in Sources */ = {isa = PBXBuildFile; fileRef = BBE04C39192F262F00E57F44 /* RJEndViewController.m */; };
/* End PBXBuildFile section */

/* Begin PBXFileReference section */
		BB51E7C7191EE5350026F775 /* RJStartViewController.m */ = {isa = PBXFileReference; fileEncoding = 4; lastKnownFileType = sourcecode.c.objc; path = RJStartViewController.m; sourceTree = "<group>"; };
		BB51E7C9191EE6BF0026F775 /* QuartzCore.framework */ = {isa = PBXFileReference; lastKnownFileType = wrapper.framework; name = QuartzCore.framework; path = System/Library/Frameworks/QuartzCore.framework; sourceTree = SDKROOT; };
		BB51E7CB191F04DB0026F775 /* UIAlertView+Blocks.h */ = {isa = PBXFileReference; fileEncoding = 4; lastKnownFileType = sourcecode.c.h; name = "UIAlertView+Blocks.h"; path = "../../CoinWallet/CoinWallet/UIAlertView+Blocks.h"; sourceTree = "<group>"; };
		BB51E7CC191F04DB0026F775 /* UIAlertView+Blocks.m */ = {isa = PBXFileReference; fileEncoding = 4; lastKnownFileType = sourcecode.c.objc; name = "UIAlertView+Blocks.m"; path = "../../CoinWallet/CoinWallet/UIAlertView+Blocks.m"; sourceTree = "<group>"; };
		BB51E7D0191FC5C90026F775 /* RJMultipleChoicePicker.m */ = {isa = PBXFileReference; fileEncoding = 4; lastKnownFileType = sourcecode.c.objc; path = RJMultipleChoicePicker.m; sourceTree = "<group>"; };
		BB51E7D3191FD7BC0026F775 /* RJAnswerPicker.h */ = {isa = PBXFileReference; fileEncoding = 4; lastKnownFileType = sourcecode.c.h; path = RJAnswerPicker.h; sourceTree = "<group>"; };
		BB9D940A191D4D3F0076B42C /* RJJeopardy.app */ = {isa = PBXFileReference; explicitFileType = wrapper.application; includeInIndex = 0; path = RJJeopardy.app; sourceTree = BUILT_PRODUCTS_DIR; };
		BB9D940D191D4D3F0076B42C /* Foundation.framework */ = {isa = PBXFileReference; lastKnownFileType = wrapper.framework; name = Foundation.framework; path = System/Library/Frameworks/Foundation.framework; sourceTree = SDKROOT; };
		BB9D940F191D4D3F0076B42C /* CoreGraphics.framework */ = {isa = PBXFileReference; lastKnownFileType = wrapper.framework; name = CoreGraphics.framework; path = System/Library/Frameworks/CoreGraphics.framework; sourceTree = SDKROOT; };
		BB9D9411191D4D3F0076B42C /* UIKit.framework */ = {isa = PBXFileReference; lastKnownFileType = wrapper.framework; name = UIKit.framework; path = System/Library/Frameworks/UIKit.framework; sourceTree = SDKROOT; };
		BB9D9415191D4D3F0076B42C /* RJJeopardy-Info.plist */ = {isa = PBXFileReference; lastKnownFileType = text.plist.xml; path = "RJJeopardy-Info.plist"; sourceTree = "<group>"; };
		BB9D9417191D4D3F0076B42C /* en */ = {isa = PBXFileReference; lastKnownFileType = text.plist.strings; name = en; path = en.lproj/InfoPlist.strings; sourceTree = "<group>"; };
		BB9D9419191D4D3F0076B42C /* main.m */ = {isa = PBXFileReference; lastKnownFileType = sourcecode.c.objc; path = main.m; sourceTree = "<group>"; };
		BB9D941B191D4D3F0076B42C /* RJJeopardy-Prefix.pch */ = {isa = PBXFileReference; lastKnownFileType = sourcecode.c.h; path = "RJJeopardy-Prefix.pch"; sourceTree = "<group>"; };
		BB9D941C191D4D3F0076B42C /* RJAppDelegate.h */ = {isa = PBXFileReference; lastKnownFileType = sourcecode.c.h; path = RJAppDelegate.h; sourceTree = "<group>"; };
		BB9D941D191D4D3F0076B42C /* RJAppDelegate.m */ = {isa = PBXFileReference; lastKnownFileType = sourcecode.c.objc; path = RJAppDelegate.m; sourceTree = "<group>"; };
		BB9D9420191D4D3F0076B42C /* Base */ = {isa = PBXFileReference; lastKnownFileType = file.storyboard; name = Base; path = Base.lproj/Main.storyboard; sourceTree = "<group>"; };
		BB9D9428191D4D3F0076B42C /* Images.xcassets */ = {isa = PBXFileReference; lastKnownFileType = folder.assetcatalog; path = Images.xcassets; sourceTree = "<group>"; };
		BB9D942F191D4D3F0076B42C /* XCTest.framework */ = {isa = PBXFileReference; lastKnownFileType = wrapper.framework; name = XCTest.framework; path = Library/Frameworks/XCTest.framework; sourceTree = DEVELOPER_DIR; };
		BB9D9446191D4EF70076B42C /* RJMainViewController.m */ = {isa = PBXFileReference; fileEncoding = 4; lastKnownFileType = sourcecode.c.objc; path = RJMainViewController.m; sourceTree = "<group>"; };
		BB9D9448191D51BA0076B42C /* RJCard.h */ = {isa = PBXFileReference; fileEncoding = 4; lastKnownFileType = sourcecode.c.h; path = RJCard.h; sourceTree = "<group>"; };
		BB9D944B191D534A0076B42C /* questions.plist */ = {isa = PBXFileReference; fileEncoding = 4; lastKnownFileType = text.plist.xml; path = questions.plist; sourceTree = "<group>"; };
		BB9D944D191D572B0076B42C /* UIActionSheet+Blocks.h */ = {isa = PBXFileReference; fileEncoding = 4; lastKnownFileType = sourcecode.c.h; path = "UIActionSheet+Blocks.h"; sourceTree = "<group>"; };
		BB9D944E191D572B0076B42C /* UIActionSheet+Blocks.m */ = {isa = PBXFileReference; fileEncoding = 4; lastKnownFileType = sourcecode.c.objc; path = "UIActionSheet+Blocks.m"; sourceTree = "<group>"; };
		BBB324C019211DBB004EED0D /* MBProgressHUD.h */ = {isa = PBXFileReference; fileEncoding = 4; lastKnownFileType = sourcecode.c.h; name = MBProgressHUD.h; path = "../../../../../Downloads/MBProgressHUD-master/MBProgressHUD.h"; sourceTree = "<group>"; };
		BBB324C119211DBB004EED0D /* MBProgressHUD.m */ = {isa = PBXFileReference; fileEncoding = 4; lastKnownFileType = sourcecode.c.objc; name = MBProgressHUD.m; path = "../../../../../Downloads/MBProgressHUD-master/MBProgressHUD.m"; sourceTree = "<group>"; };
		BBDDA79F192081770055B564 /* RJAnswerPicker.m */ = {isa = PBXFileReference; fileEncoding = 4; lastKnownFileType = sourcecode.c.objc; path = RJAnswerPicker.m; sourceTree = "<group>"; };
		BBDFAD681929AA7E0010C88B /* RJTrueFalsePicker.m */ = {isa = PBXFileReference; fileEncoding = 4; lastKnownFileType = sourcecode.c.objc; path = RJTrueFalsePicker.m; sourceTree = "<group>"; };
		BBDFAD6B192D8E1C0010C88B /* RJFillInTheBlankPicker.m */ = {isa = PBXFileReference; fileEncoding = 4; lastKnownFileType = sourcecode.c.objc; path = RJFillInTheBlankPicker.m; sourceTree = "<group>"; };
		BBE04C39192F262F00E57F44 /* RJEndViewController.m */ = {isa = PBXFileReference; fileEncoding = 4; lastKnownFileType = sourcecode.c.objc; path = RJEndViewController.m; sourceTree = "<group>"; };
/* End PBXFileReference section */

/* Begin PBXFrameworksBuildPhase section */
		BB9D9407191D4D3F0076B42C /* Frameworks */ = {
			isa = PBXFrameworksBuildPhase;
			buildActionMask = 2147483647;
			files = (
				BB51E7CA191EE6BF0026F775 /* QuartzCore.framework in Frameworks */,
				BB9D9410191D4D3F0076B42C /* CoreGraphics.framework in Frameworks */,
				BB9D9412191D4D3F0076B42C /* UIKit.framework in Frameworks */,
				BB9D940E191D4D3F0076B42C /* Foundation.framework in Frameworks */,
			);
			runOnlyForDeploymentPostprocessing = 0;
		};
/* End PBXFrameworksBuildPhase section */

/* Begin PBXGroup section */
		BB51E7D6191FD82C0026F775 /* Answer Pickers */ = {
			isa = PBXGroup;
			children = (
				BBDFAD6B192D8E1C0010C88B /* RJFillInTheBlankPicker.m */,
				BBDFAD681929AA7E0010C88B /* RJTrueFalsePicker.m */,
				BB51E7D0191FC5C90026F775 /* RJMultipleChoicePicker.m */,
				BB51E7D3191FD7BC0026F775 /* RJAnswerPicker.h */,
				BBDDA79F192081770055B564 /* RJAnswerPicker.m */,
			);
			name = "Answer Pickers";
			sourceTree = "<group>";
		};
		BB9D9401191D4D3F0076B42C = {
			isa = PBXGroup;
			children = (
				BB9D9413191D4D3F0076B42C /* RJJeopardy */,
				BB9D940C191D4D3F0076B42C /* Frameworks */,
				BB9D940B191D4D3F0076B42C /* Products */,
			);
			sourceTree = "<group>";
		};
		BB9D940B191D4D3F0076B42C /* Products */ = {
			isa = PBXGroup;
			children = (
				BB9D940A191D4D3F0076B42C /* RJJeopardy.app */,
			);
			name = Products;
			sourceTree = "<group>";
		};
		BB9D940C191D4D3F0076B42C /* Frameworks */ = {
			isa = PBXGroup;
			children = (
				BB51E7C9191EE6BF0026F775 /* QuartzCore.framework */,
				BB9D940D191D4D3F0076B42C /* Foundation.framework */,
				BB9D940F191D4D3F0076B42C /* CoreGraphics.framework */,
				BB9D9411191D4D3F0076B42C /* UIKit.framework */,
				BB9D942F191D4D3F0076B42C /* XCTest.framework */,
			);
			name = Frameworks;
			sourceTree = "<group>";
		};
		BB9D9413191D4D3F0076B42C /* RJJeopardy */ = {
			isa = PBXGroup;
			children = (
				BB51E7D6191FD82C0026F775 /* Answer Pickers */,
				BB9D941C191D4D3F0076B42C /* RJAppDelegate.h */,
				BB9D941D191D4D3F0076B42C /* RJAppDelegate.m */,
				BB9D9448191D51BA0076B42C /* RJCard.h */,
				BB51E7C7191EE5350026F775 /* RJStartViewController.m */,
				BB9D9446191D4EF70076B42C /* RJMainViewController.m */,
				BBE04C39192F262F00E57F44 /* RJEndViewController.m */,
				BB9D941F191D4D3F0076B42C /* Main.storyboard */,
				BB9D9428191D4D3F0076B42C /* Images.xcassets */,
				BB9D9414191D4D3F0076B42C /* Supporting Files */,
				BB9D944B191D534A0076B42C /* questions.plist */,
			);
			path = RJJeopardy;
			sourceTree = "<group>";
		};
		BB9D9414191D4D3F0076B42C /* Supporting Files */ = {
			isa = PBXGroup;
			children = (
				BBB324C019211DBB004EED0D /* MBProgressHUD.h */,
				BBB324C119211DBB004EED0D /* MBProgressHUD.m */,
				BB51E7CB191F04DB0026F775 /* UIAlertView+Blocks.h */,
				BB51E7CC191F04DB0026F775 /* UIAlertView+Blocks.m */,
				BB9D944D191D572B0076B42C /* UIActionSheet+Blocks.h */,
				BB9D944E191D572B0076B42C /* UIActionSheet+Blocks.m */,
				BB9D9415191D4D3F0076B42C /* RJJeopardy-Info.plist */,
				BB9D9416191D4D3F0076B42C /* InfoPlist.strings */,
				BB9D9419191D4D3F0076B42C /* main.m */,
				BB9D941B191D4D3F0076B42C /* RJJeopardy-Prefix.pch */,
			);
			name = "Supporting Files";
			sourceTree = "<group>";
		};
/* End PBXGroup section */

/* Begin PBXNativeTarget section */
		BB9D9409191D4D3F0076B42C /* RJJeopardy */ = {
			isa = PBXNativeTarget;
			buildConfigurationList = BB9D943F191D4D3F0076B42C /* Build configuration list for PBXNativeTarget "RJJeopardy" */;
			buildPhases = (
				BB9D9406191D4D3F0076B42C /* Sources */,
				BB9D9407191D4D3F0076B42C /* Frameworks */,
				BB9D9408191D4D3F0076B42C /* Resources */,
			);
			buildRules = (
			);
			dependencies = (
			);
			name = RJJeopardy;
			productName = RJJeopardy;
			productReference = BB9D940A191D4D3F0076B42C /* RJJeopardy.app */;
			productType = "com.apple.product-type.application";
		};
/* End PBXNativeTarget section */

/* Begin PBXProject section */
		BB9D9402191D4D3F0076B42C /* Project object */ = {
			isa = PBXProject;
			attributes = {
				CLASSPREFIX = RJ;
				LastUpgradeCheck = 0510;
				ORGANIZATIONNAME = Deplex;
			};
			buildConfigurationList = BB9D9405191D4D3F0076B42C /* Build configuration list for PBXProject "RJJeopardy" */;
			compatibilityVersion = "Xcode 3.2";
			developmentRegion = English;
			hasScannedForEncodings = 0;
			knownRegions = (
				en,
				Base,
			);
			mainGroup = BB9D9401191D4D3F0076B42C;
			productRefGroup = BB9D940B191D4D3F0076B42C /* Products */;
			projectDirPath = "";
			projectRoot = "";
			targets = (
				BB9D9409191D4D3F0076B42C /* RJJeopardy */,
			);
		};
/* End PBXProject section */

/* Begin PBXResourcesBuildPhase section */
		BB9D9408191D4D3F0076B42C /* Resources */ = {
			isa = PBXResourcesBuildPhase;
			buildActionMask = 2147483647;
			files = (
				BB9D944C191D534A0076B42C /* questions.plist in Resources */,
				BB9D9429191D4D3F0076B42C /* Images.xcassets in Resources */,
				BB9D9418191D4D3F0076B42C /* InfoPlist.strings in Resources */,
				BB9D9421191D4D3F0076B42C /* Main.storyboard in Resources */,
			);
			runOnlyForDeploymentPostprocessing = 0;
		};
/* End PBXResourcesBuildPhase section */

/* Begin PBXSourcesBuildPhase section */
		BB9D9406191D4D3F0076B42C /* Sources */ = {
			isa = PBXSourcesBuildPhase;
			buildActionMask = 2147483647;
			files = (
				BB9D9447191D4EF70076B42C /* RJMainViewController.m in Sources */,
				BBDDA7A0192081770055B564 /* RJAnswerPicker.m in Sources */,
				BBDFAD691929AA7E0010C88B /* RJTrueFalsePicker.m in Sources */,
				BB51E7CD191F04DB0026F775 /* UIAlertView+Blocks.m in Sources */,
				BB9D941E191D4D3F0076B42C /* RJAppDelegate.m in Sources */,
				BBDFAD6C192D8E1C0010C88B /* RJFillInTheBlankPicker.m in Sources */,
				BBE04C3A192F262F00E57F44 /* RJEndViewController.m in Sources */,
				BBB324C219211DBB004EED0D /* MBProgressHUD.m in Sources */,
				BB51E7C8191EE5350026F775 /* RJStartViewController.m in Sources */,
				BB9D944F191D572B0076B42C /* UIActionSheet+Blocks.m in Sources */,
				BB51E7D1191FC5C90026F775 /* RJMultipleChoicePicker.m in Sources */,
				BB9D941A191D4D3F0076B42C /* main.m in Sources */,
			);
			runOnlyForDeploymentPostprocessing = 0;
		};
/* End PBXSourcesBuildPhase section */

/* Begin PBXVariantGroup section */
		BB9D9416191D4D3F0076B42C /* InfoPlist.strings */ = {
			isa = PBXVariantGroup;
			children = (
				BB9D9417191D4D3F0076B42C /* en */,
			);
			name = InfoPlist.strings;
			sourceTree = "<group>";
		};
		BB9D941F191D4D3F0076B42C /* Main.storyboard */ = {
			isa = PBXVariantGroup;
			children = (
				BB9D9420191D4D3F0076B42C /* Base */,
			);
			name = Main.storyboard;
			sourceTree = "<group>";
		};
/* End PBXVariantGroup section */

/* Begin XCBuildConfiguration section */
		BB9D943D191D4D3F0076B42C /* Debug */ = {
			isa = XCBuildConfiguration;
			buildSettings = {
				ALWAYS_SEARCH_USER_PATHS = NO;
				CLANG_CXX_LANGUAGE_STANDARD = "gnu++0x";
				CLANG_CXX_LIBRARY = "libc++";
				CLANG_ENABLE_MODULES = YES;
				CLANG_ENABLE_OBJC_ARC = YES;
				CLANG_WARN_BOOL_CONVERSION = YES;
				CLANG_WARN_CONSTANT_CONVERSION = YES;
				CLANG_WARN_DIRECT_OBJC_ISA_USAGE = YES_ERROR;
				CLANG_WARN_EMPTY_BODY = YES;
				CLANG_WARN_ENUM_CONVERSION = YES;
				CLANG_WARN_INT_CONVERSION = YES;
				CLANG_WARN_OBJC_ROOT_CLASS = YES_ERROR;
				CLANG_WARN__DUPLICATE_METHOD_MATCH = YES;
				"CODE_SIGN_IDENTITY[sdk=iphoneos*]" = "iPhone Developer";
				COPY_PHASE_STRIP = NO;
				GCC_C_LANGUAGE_STANDARD = gnu99;
				GCC_DYNAMIC_NO_PIC = NO;
				GCC_OPTIMIZATION_LEVEL = 0;
				GCC_PREPROCESSOR_DEFINITIONS = (
					"DEBUG=1",
					"$(inherited)",
				);
				GCC_SYMBOLS_PRIVATE_EXTERN = NO;
				GCC_WARN_64_TO_32_BIT_CONVERSION = YES;
				GCC_WARN_ABOUT_RETURN_TYPE = YES_ERROR;
				GCC_WARN_UNDECLARED_SELECTOR = YES;
				GCC_WARN_UNINITIALIZED_AUTOS = YES_AGGRESSIVE;
				GCC_WARN_UNUSED_FUNCTION = YES;
				GCC_WARN_UNUSED_VARIABLE = YES;
				IPHONEOS_DEPLOYMENT_TARGET = 7.1;
				ONLY_ACTIVE_ARCH = YES;
				SDKROOT = iphoneos;
			};
			name = Debug;
		};
		BB9D943E191D4D3F0076B42C /* Release */ = {
			isa = XCBuildConfiguration;
			buildSettings = {
				ALWAYS_SEARCH_USER_PATHS = NO;
				CLANG_CXX_LANGUAGE_STANDARD = "gnu++0x";
				CLANG_CXX_LIBRARY = "libc++";
				CLANG_ENABLE_MODULES = YES;
				CLANG_ENABLE_OBJC_ARC = YES;
				CLANG_WARN_BOOL_CONVERSION = YES;
				CLANG_WARN_CONSTANT_CONVERSION = YES;
				CLANG_WARN_DIRECT_OBJC_ISA_USAGE = YES_ERROR;
				CLANG_WARN_EMPTY_BODY = YES;
				CLANG_WARN_ENUM_CONVERSION = YES;
				CLANG_WARN_INT_CONVERSION = YES;
				CLANG_WARN_OBJC_ROOT_CLASS = YES_ERROR;
				CLANG_WARN__DUPLICATE_METHOD_MATCH = YES;
				"CODE_SIGN_IDENTITY[sdk=iphoneos*]" = "iPhone Developer";
				COPY_PHASE_STRIP = YES;
				ENABLE_NS_ASSERTIONS = NO;
				GCC_C_LANGUAGE_STANDARD = gnu99;
				GCC_WARN_64_TO_32_BIT_CONVERSION = YES;
				GCC_WARN_ABOUT_RETURN_TYPE = YES_ERROR;
				GCC_WARN_UNDECLARED_SELECTOR = YES;
				GCC_WARN_UNINITIALIZED_AUTOS = YES_AGGRESSIVE;
				GCC_WARN_UNUSED_FUNCTION = YES;
				GCC_WARN_UNUSED_VARIABLE = YES;
				IPHONEOS_DEPLOYMENT_TARGET = 7.1;
				SDKROOT = iphoneos;
				VALIDATE_PRODUCT = YES;
			};
			name = Release;
		};
		BB9D9440191D4D3F0076B42C /* Debug */ = {
			isa = XCBuildConfiguration;
			buildSettings = {
				ASSETCATALOG_COMPILER_APPICON_NAME = AppIcon;
				ASSETCATALOG_COMPILER_LAUNCHIMAGE_NAME = LaunchImage;
				"CODE_SIGN_IDENTITY[sdk=iphoneos*]" = "";
				GCC_PRECOMPILE_PREFIX_HEADER = YES;
				GCC_PREFIX_HEADER = "RJJeopardy/RJJeopardy-Prefix.pch";
				INFOPLIST_FILE = "RJJeopardy/RJJeopardy-Info.plist";
				IPHONEOS_DEPLOYMENT_TARGET = 7.0;
				PRODUCT_NAME = "$(TARGET_NAME)";
				WRAPPER_EXTENSION = app;
			};
			name = Debug;
		};
		BB9D9441191D4D3F0076B42C /* Release */ = {
			isa = XCBuildConfiguration;
			buildSettings = {
				ASSETCATALOG_COMPILER_APPICON_NAME = AppIcon;
				ASSETCATALOG_COMPILER_LAUNCHIMAGE_NAME = LaunchImage;
				"CODE_SIGN_IDENTITY[sdk=iphoneos*]" = "";
				GCC_PRECOMPILE_PREFIX_HEADER = YES;
				GCC_PREFIX_HEADER = "RJJeopardy/RJJeopardy-Prefix.pch";
				INFOPLIST_FILE = "RJJeopardy/RJJeopardy-Info.plist";
				IPHONEOS_DEPLOYMENT_TARGET = 7.0;
				PRODUCT_NAME = "$(TARGET_NAME)";
				WRAPPER_EXTENSION = app;
			};
			name = Release;
		};
/* End XCBuildConfiguration section */

/* Begin XCConfigurationList section */
		BB9D9405191D4D3F0076B42C /* Build configuration list for PBXProject "RJJeopardy" */ = {
			isa = XCConfigurationList;
			buildConfigurations = (
				BB9D943D191D4D3F0076B42C /* Debug */,
				BB9D943E191D4D3F0076B42C /* Release */,
			);
			defaultConfigurationIsVisible = 0;
			defaultConfigurationName = Release;
		};
		BB9D943F191D4D3F0076B42C /* Build configuration list for PBXNativeTarget "RJJeopardy" */ = {
			isa = XCConfigurationList;
			buildConfigurations = (
				BB9D9440191D4D3F0076B42C /* Debug */,
				BB9D9441191D4D3F0076B42C /* Release */,
			);
			defaultConfigurationIsVisible = 0;
			defaultConfigurationName = Release;
		};
/* End XCConfigurationList section */
	};
	rootObject = BB9D9402191D4D3F0076B42C /* Project object */;
}
